
Microsoft Visual Studio Solution File, Format Version 12.00
# Visual Studio Version 16
VisualStudioVersion = 16.0.29411.108
MinimumVisualStudioVersion = 10.0.40219.1
Project("{2150E333-8FDC-42A3-9474-1A3956D46DE8}") = "src", "src", "{B554C8A5-928C-4149-9321-5327FEC20E42}"
EndProject
Project("{9A19103F-16F7-4668-BE54-9A1E7A4F7556}") = "ReportPortal.NUnitExtension", "src\ReportPortal.NUnitExtension\ReportPortal.NUnitExtension.csproj", "{8CA8E8FA-F961-48C9-96A2-04F8D8DE90DD}"
EndProject
Project("{9A19103F-16F7-4668-BE54-9A1E7A4F7556}") = "ReportPortal.NUnitExtension.LogHandler", "src\ReportPortal.NUnitExtension.LogHandler\ReportPortal.NUnitExtension.LogHandler.csproj", "{2204CFCF-C2B9-4726-8315-86B7B8DF87A0}"
EndProject
Project("{2150E333-8FDC-42A3-9474-1A3956D46DE8}") = "test", "test", "{E0A64D99-31F6-47FC-BFC9-5DAC59F6B228}"
EndProject
Project("{FAE04EC0-301F-11D3-BF4B-00C04F79EFBC}") = "ReportPortal.NUnitExtension.Tests", "test\ReportPortal.NUnitExtension.Tests\ReportPortal.NUnitExtension.Tests.csproj", "{CB93EF07-AB9B-4A3C-AD13-9369079D6610}"
EndProject
Project("{9A19103F-16F7-4668-BE54-9A1E7A4F7556}") = "ReportPortal.NUnitExtension.Tests.Internal", "test\ReportPortal.NUnitExtension.Tests.Internal\ReportPortal.NUnitExtension.Tests.Internal.csproj", "{F10A1BE4-9A33-476D-80BA-3962225EFDB9}"
EndProject
Global
	GlobalSection(SolutionConfigurationPlatforms) = preSolution
		Debug|Any CPU = Debug|Any CPU
		Release|Any CPU = Release|Any CPU
	EndGlobalSection
	GlobalSection(ProjectConfigurationPlatforms) = postSolution
		{8CA8E8FA-F961-48C9-96A2-04F8D8DE90DD}.Debug|Any CPU.ActiveCfg = Debug|Any CPU
		{8CA8E8FA-F961-48C9-96A2-04F8D8DE90DD}.Debug|Any CPU.Build.0 = Debug|Any CPU
		{8CA8E8FA-F961-48C9-96A2-04F8D8DE90DD}.Release|Any CPU.ActiveCfg = Release|Any CPU
		{8CA8E8FA-F961-48C9-96A2-04F8D8DE90DD}.Release|Any CPU.Build.0 = Release|Any CPU
		{2204CFCF-C2B9-4726-8315-86B7B8DF87A0}.Debug|Any CPU.ActiveCfg = Debug|Any CPU
		{2204CFCF-C2B9-4726-8315-86B7B8DF87A0}.Debug|Any CPU.Build.0 = Debug|Any CPU
		{2204CFCF-C2B9-4726-8315-86B7B8DF87A0}.Release|Any CPU.ActiveCfg = Release|Any CPU
		{2204CFCF-C2B9-4726-8315-86B7B8DF87A0}.Release|Any CPU.Build.0 = Release|Any CPU
		{CB93EF07-AB9B-4A3C-AD13-9369079D6610}.Debug|Any CPU.ActiveCfg = Debug|Any CPU
		{CB93EF07-AB9B-4A3C-AD13-9369079D6610}.Debug|Any CPU.Build.0 = Debug|Any CPU
		{CB93EF07-AB9B-4A3C-AD13-9369079D6610}.Release|Any CPU.ActiveCfg = Release|Any CPU
		{CB93EF07-AB9B-4A3C-AD13-9369079D6610}.Release|Any CPU.Build.0 = Release|Any CPU
		{F10A1BE4-9A33-476D-80BA-3962225EFDB9}.Debug|Any CPU.ActiveCfg = Debug|Any CPU
		{F10A1BE4-9A33-476D-80BA-3962225EFDB9}.Debug|Any CPU.Build.0 = Debug|Any CPU
		{F10A1BE4-9A33-476D-80BA-3962225EFDB9}.Release|Any CPU.ActiveCfg = Release|Any CPU
		{F10A1BE4-9A33-476D-80BA-3962225EFDB9}.Release|Any CPU.Build.0 = Release|Any CPU
	EndGlobalSection
	GlobalSection(SolutionProperties) = preSolution
		HideSolutionNode = FALSE
	EndGlobalSection
	GlobalSection(NestedProjects) = preSolution
		{8CA8E8FA-F961-48C9-96A2-04F8D8DE90DD} = {B554C8A5-928C-4149-9321-5327FEC20E42}
		{2204CFCF-C2B9-4726-8315-86B7B8DF87A0} = {B554C8A5-928C-4149-9321-5327FEC20E42}
		{CB93EF07-AB9B-4A3C-AD13-9369079D6610} = {E0A64D99-31F6-47FC-BFC9-5DAC59F6B228}
		{F10A1BE4-9A33-476D-80BA-3962225EFDB9} = {E0A64D99-31F6-47FC-BFC9-5DAC59F6B228}
	EndGlobalSection
	GlobalSection(ExtensibilityGlobals) = postSolution
		SolutionGuid = {1BAF40BE-11A9-46C3-8306-3CAE3C432A5B}
	EndGlobalSection
EndGlobal
